
Microsoft Visual Studio Solution File, Format Version 12.00
# Visual Studio 15
VisualStudioVersion = 15.0.28307.106
MinimumVisualStudioVersion = 10.0.40219.1
Project("{FAE04EC0-301F-11D3-BF4B-00C04F79EFBC}") = "RFS-MVC", "RFS\RFS-MVC.csproj", "{B755791A-EA9F-4654-BB8D-0CC26B2450ED}"
EndProject
Project("{FAE04EC0-301F-11D3-BF4B-00C04F79EFBC}") = "RFS-API", "RFS-API\RFS-API.csproj", "{C0307BDA-FAED-4B73-A167-8CCF008D84C6}"
EndProject
Project("{FAE04EC0-301F-11D3-BF4B-00C04F79EFBC}") = "RFS-Model", "RFS-Model\RFS-Model.csproj", "{1C59C0A1-53D1-4289-9D1E-859A1E23D020}"
EndProject
Project("{FAE04EC0-301F-11D3-BF4B-00C04F79EFBC}") = "DataLayer", "DataLayer\DataLayer.csproj", "{8C71B039-A761-4C6F-8617-688D42B8F200}"
EndProject
Project("{FAE04EC0-301F-11D3-BF4B-00C04F79EFBC}") = "RFS-Resource", "RFS-Resource\RFS-Resource.csproj", "{57BEBFBA-18FB-4966-91B3-09E357AF1F8B}"
EndProject
Project("{00D1A9C2-B5F0-4AF3-8072-F6C62B433612}") = "RFS-Database", "RFS-Database\RFS-Database.sqlproj", "{5FE8234C-73BF-45DA-9F45-1A280452468E}"
EndProject
Global
	GlobalSection(SolutionConfigurationPlatforms) = preSolution
		Debug|Any CPU = Debug|Any CPU
		Release|Any CPU = Release|Any CPU
	EndGlobalSection
	GlobalSection(ProjectConfigurationPlatforms) = postSolution
		{B755791A-EA9F-4654-BB8D-0CC26B2450ED}.Debug|Any CPU.ActiveCfg = Debug|Any CPU
		{B755791A-EA9F-4654-BB8D-0CC26B2450ED}.Debug|Any CPU.Build.0 = Debug|Any CPU
		{B755791A-EA9F-4654-BB8D-0CC26B2450ED}.Release|Any CPU.ActiveCfg = Release|Any CPU
		{B755791A-EA9F-4654-BB8D-0CC26B2450ED}.Release|Any CPU.Build.0 = Release|Any CPU
		{C0307BDA-FAED-4B73-A167-8CCF008D84C6}.Debug|Any CPU.ActiveCfg = Debug|Any CPU
		{C0307BDA-FAED-4B73-A167-8CCF008D84C6}.Debug|Any CPU.Build.0 = Debug|Any CPU
		{C0307BDA-FAED-4B73-A167-8CCF008D84C6}.Release|Any CPU.ActiveCfg = Release|Any CPU
		{C0307BDA-FAED-4B73-A167-8CCF008D84C6}.Release|Any CPU.Build.0 = Release|Any CPU
		{1C59C0A1-53D1-4289-9D1E-859A1E23D020}.Debug|Any CPU.ActiveCfg = Debug|Any CPU
		{1C59C0A1-53D1-4289-9D1E-859A1E23D020}.Debug|Any CPU.Build.0 = Debug|Any CPU
		{1C59C0A1-53D1-4289-9D1E-859A1E23D020}.Release|Any CPU.ActiveCfg = Release|Any CPU
		{1C59C0A1-53D1-4289-9D1E-859A1E23D020}.Release|Any CPU.Build.0 = Release|Any CPU
		{8C71B039-A761-4C6F-8617-688D42B8F200}.Debug|Any CPU.ActiveCfg = Debug|Any CPU
		{8C71B039-A761-4C6F-8617-688D42B8F200}.Debug|Any CPU.Build.0 = Debug|Any CPU
		{8C71B039-A761-4C6F-8617-688D42B8F200}.Release|Any CPU.ActiveCfg = Release|Any CPU
		{8C71B039-A761-4C6F-8617-688D42B8F200}.Release|Any CPU.Build.0 = Release|Any CPU
		{57BEBFBA-18FB-4966-91B3-09E357AF1F8B}.Debug|Any CPU.ActiveCfg = Debug|Any CPU
		{57BEBFBA-18FB-4966-91B3-09E357AF1F8B}.Debug|Any CPU.Build.0 = Debug|Any CPU
		{57BEBFBA-18FB-4966-91B3-09E357AF1F8B}.Release|Any CPU.ActiveCfg = Release|Any CPU
		{57BEBFBA-18FB-4966-91B3-09E357AF1F8B}.Release|Any CPU.Build.0 = Release|Any CPU
		{5FE8234C-73BF-45DA-9F45-1A280452468E}.Debug|Any CPU.ActiveCfg = Debug|Any CPU
		{5FE8234C-73BF-45DA-9F45-1A280452468E}.Debug|Any CPU.Build.0 = Debug|Any CPU
		{5FE8234C-73BF-45DA-9F45-1A280452468E}.Debug|Any CPU.Deploy.0 = Debug|Any CPU
		{5FE8234C-73BF-45DA-9F45-1A280452468E}.Release|Any CPU.ActiveCfg = Release|Any CPU
		{5FE8234C-73BF-45DA-9F45-1A280452468E}.Release|Any CPU.Build.0 = Release|Any CPU
		{5FE8234C-73BF-45DA-9F45-1A280452468E}.Release|Any CPU.Deploy.0 = Release|Any CPU
	EndGlobalSection
	GlobalSection(SolutionProperties) = preSolution
		HideSolutionNode = FALSE
	EndGlobalSection
	GlobalSection(ExtensibilityGlobals) = postSolution
		SolutionGuid = {A45962D5-943C-4838-835D-905F4FC7EB4D}
	EndGlobalSection
EndGlobal
