
Microsoft Visual Studio Solution File, Format Version 12.00
# Visual Studio Version 16
VisualStudioVersion = 16.0.28729.10
MinimumVisualStudioVersion = 10.0.40219.1
Project("{FAE04EC0-301F-11D3-BF4B-00C04F79EFBC}") = "RoomManagementWebApp", "RFS\RoomManagementWebApp.csproj", "{B755791A-EA9F-4654-BB8D-0CC26B2450ED}"
EndProject
Project("{FAE04EC0-301F-11D3-BF4B-00C04F79EFBC}") = "RoomManagement-RESTAPI", "RFS-API\RoomManagement-RESTAPI.csproj", "{C0307BDA-FAED-4B73-A167-8CCF008D84C6}"
EndProject
Project("{FAE04EC0-301F-11D3-BF4B-00C04F79EFBC}") = "DataLayer", "DataLayer\DataLayer.csproj", "{8C71B039-A761-4C6F-8617-688D42B8F200}"
EndProject
Project("{00D1A9C2-B5F0-4AF3-8072-F6C62B433612}") = "ActiveDirectoryDatabase", "RFS-Database\ActiveDirectoryDatabase.sqlproj", "{5FE8234C-73BF-45DA-9F45-1A280452468E}"
EndProject
Project("{FAE04EC0-301F-11D3-BF4B-00C04F79EFBC}") = "RFS-ActiveDirectory", "RFS-ActiveDirectory\RFS-ActiveDirectory.csproj", "{EEFF9223-B4C0-439D-8676-4B9829BCEEFA}"
EndProject
Project("{2150E333-8FDC-42A3-9474-1A3956D46DE8}") = "RFSOwnActiveDirectory", "RFSOwnActiveDirectory", "{10B6DE41-A6F9-4998-98D1-531B4D8CC95F}"
EndProject
Project("{2150E333-8FDC-42A3-9474-1A3956D46DE8}") = "RFS-API", "RFS-API", "{7A9AD6C0-582B-489D-B867-F279D782C3B8}"
EndProject
Project("{2150E333-8FDC-42A3-9474-1A3956D46DE8}") = "RoomManagement", "RoomManagement", "{5FE03F16-E15D-47AD-96D7-D1D71298667E}"
EndProject
Project("{2150E333-8FDC-42A3-9474-1A3956D46DE8}") = "WebApp", "WebApp", "{3E57EFD2-0337-4E85-9FC6-A26110D0C5D4}"
EndProject
Project("{FAE04EC0-301F-11D3-BF4B-00C04F79EFBC}") = "RFS-ActiveDirectory-WebApp", "RFS-ActiveDirectory-WebApp\RFS-ActiveDirectory-WebApp.csproj", "{75069178-3BBE-4F4D-B43B-9214A1196FA2}"
EndProject
Project("{2150E333-8FDC-42A3-9474-1A3956D46DE8}") = "Libs", "Libs", "{E43ABA18-F823-401E-9D84-6C7C4CD89A0C}"
EndProject
Project("{9A19103F-16F7-4668-BE54-9A1E7A4F7556}") = "LoginHelperForMVC", "LoginHelperForMVC\LoginHelperForMVC.csproj", "{652E6489-87AD-45ED-82C5-068A41436818}"
EndProject
Project("{00D1A9C2-B5F0-4AF3-8072-F6C62B433612}") = "RoomManagementDatabasse", "RoomManagementDatabasse\RoomManagementDatabasse.sqlproj", "{609D594A-6242-4516-AB9A-3283445D5A9B}"
EndProject
Project("{FAE04EC0-301F-11D3-BF4B-00C04F79EFBC}") = "RoomManagement", "RoomManagement\RoomManagement.csproj", "{65D66BA7-C858-452C-8E05-9523E0058550}"
EndProject
Project("{FAE04EC0-301F-11D3-BF4B-00C04F79EFBC}") = "RoomManagementUnitTests", "RoomManagementUnitTests\RoomManagementUnitTests.csproj", "{42579259-1C02-4391-BDDD-54B04F56BDDC}"
EndProject
Project("{2150E333-8FDC-42A3-9474-1A3956D46DE8}") = "Solution Items", "Solution Items", "{54F2C018-2005-45D4-BACE-39CEAB2FC92C}"
	ProjectSection(SolutionItems) = preProject
		README.md = README.md
	EndProjectSection
EndProject
Global
	GlobalSection(SolutionConfigurationPlatforms) = preSolution
		Debug|Any CPU = Debug|Any CPU
		Release|Any CPU = Release|Any CPU
	EndGlobalSection
	GlobalSection(ProjectConfigurationPlatforms) = postSolution
		{B755791A-EA9F-4654-BB8D-0CC26B2450ED}.Debug|Any CPU.ActiveCfg = Debug|Any CPU
		{B755791A-EA9F-4654-BB8D-0CC26B2450ED}.Debug|Any CPU.Build.0 = Debug|Any CPU
		{B755791A-EA9F-4654-BB8D-0CC26B2450ED}.Release|Any CPU.ActiveCfg = Release|Any CPU
		{B755791A-EA9F-4654-BB8D-0CC26B2450ED}.Release|Any CPU.Build.0 = Release|Any CPU
		{C0307BDA-FAED-4B73-A167-8CCF008D84C6}.Debug|Any CPU.ActiveCfg = Debug|Any CPU
		{C0307BDA-FAED-4B73-A167-8CCF008D84C6}.Debug|Any CPU.Build.0 = Debug|Any CPU
		{C0307BDA-FAED-4B73-A167-8CCF008D84C6}.Release|Any CPU.ActiveCfg = Release|Any CPU
		{C0307BDA-FAED-4B73-A167-8CCF008D84C6}.Release|Any CPU.Build.0 = Release|Any CPU
		{8C71B039-A761-4C6F-8617-688D42B8F200}.Debug|Any CPU.ActiveCfg = Debug|Any CPU
		{8C71B039-A761-4C6F-8617-688D42B8F200}.Debug|Any CPU.Build.0 = Debug|Any CPU
		{8C71B039-A761-4C6F-8617-688D42B8F200}.Release|Any CPU.ActiveCfg = Release|Any CPU
		{8C71B039-A761-4C6F-8617-688D42B8F200}.Release|Any CPU.Build.0 = Release|Any CPU
		{5FE8234C-73BF-45DA-9F45-1A280452468E}.Debug|Any CPU.ActiveCfg = Debug|Any CPU
		{5FE8234C-73BF-45DA-9F45-1A280452468E}.Debug|Any CPU.Build.0 = Debug|Any CPU
		{5FE8234C-73BF-45DA-9F45-1A280452468E}.Debug|Any CPU.Deploy.0 = Debug|Any CPU
		{5FE8234C-73BF-45DA-9F45-1A280452468E}.Release|Any CPU.ActiveCfg = Release|Any CPU
		{5FE8234C-73BF-45DA-9F45-1A280452468E}.Release|Any CPU.Build.0 = Release|Any CPU
		{5FE8234C-73BF-45DA-9F45-1A280452468E}.Release|Any CPU.Deploy.0 = Release|Any CPU
		{EEFF9223-B4C0-439D-8676-4B9829BCEEFA}.Debug|Any CPU.ActiveCfg = Debug|Any CPU
		{EEFF9223-B4C0-439D-8676-4B9829BCEEFA}.Debug|Any CPU.Build.0 = Debug|Any CPU
		{EEFF9223-B4C0-439D-8676-4B9829BCEEFA}.Release|Any CPU.ActiveCfg = Release|Any CPU
		{EEFF9223-B4C0-439D-8676-4B9829BCEEFA}.Release|Any CPU.Build.0 = Release|Any CPU
		{75069178-3BBE-4F4D-B43B-9214A1196FA2}.Debug|Any CPU.ActiveCfg = Debug|Any CPU
		{75069178-3BBE-4F4D-B43B-9214A1196FA2}.Debug|Any CPU.Build.0 = Debug|Any CPU
		{75069178-3BBE-4F4D-B43B-9214A1196FA2}.Release|Any CPU.ActiveCfg = Release|Any CPU
		{75069178-3BBE-4F4D-B43B-9214A1196FA2}.Release|Any CPU.Build.0 = Release|Any CPU
		{652E6489-87AD-45ED-82C5-068A41436818}.Debug|Any CPU.ActiveCfg = Debug|Any CPU
		{652E6489-87AD-45ED-82C5-068A41436818}.Debug|Any CPU.Build.0 = Debug|Any CPU
		{652E6489-87AD-45ED-82C5-068A41436818}.Release|Any CPU.ActiveCfg = Release|Any CPU
		{652E6489-87AD-45ED-82C5-068A41436818}.Release|Any CPU.Build.0 = Release|Any CPU
		{609D594A-6242-4516-AB9A-3283445D5A9B}.Debug|Any CPU.ActiveCfg = Debug|Any CPU
		{609D594A-6242-4516-AB9A-3283445D5A9B}.Debug|Any CPU.Build.0 = Debug|Any CPU
		{609D594A-6242-4516-AB9A-3283445D5A9B}.Debug|Any CPU.Deploy.0 = Debug|Any CPU
		{609D594A-6242-4516-AB9A-3283445D5A9B}.Release|Any CPU.ActiveCfg = Release|Any CPU
		{609D594A-6242-4516-AB9A-3283445D5A9B}.Release|Any CPU.Build.0 = Release|Any CPU
		{609D594A-6242-4516-AB9A-3283445D5A9B}.Release|Any CPU.Deploy.0 = Release|Any CPU
		{65D66BA7-C858-452C-8E05-9523E0058550}.Debug|Any CPU.ActiveCfg = Debug|Any CPU
		{65D66BA7-C858-452C-8E05-9523E0058550}.Debug|Any CPU.Build.0 = Debug|Any CPU
		{65D66BA7-C858-452C-8E05-9523E0058550}.Release|Any CPU.ActiveCfg = Release|Any CPU
		{65D66BA7-C858-452C-8E05-9523E0058550}.Release|Any CPU.Build.0 = Release|Any CPU
		{42579259-1C02-4391-BDDD-54B04F56BDDC}.Debug|Any CPU.ActiveCfg = Debug|Any CPU
		{42579259-1C02-4391-BDDD-54B04F56BDDC}.Debug|Any CPU.Build.0 = Debug|Any CPU
		{42579259-1C02-4391-BDDD-54B04F56BDDC}.Release|Any CPU.ActiveCfg = Release|Any CPU
		{42579259-1C02-4391-BDDD-54B04F56BDDC}.Release|Any CPU.Build.0 = Release|Any CPU
	EndGlobalSection
	GlobalSection(SolutionProperties) = preSolution
		HideSolutionNode = FALSE
	EndGlobalSection
	GlobalSection(NestedProjects) = preSolution
		{B755791A-EA9F-4654-BB8D-0CC26B2450ED} = {3E57EFD2-0337-4E85-9FC6-A26110D0C5D4}
		{C0307BDA-FAED-4B73-A167-8CCF008D84C6} = {5FE03F16-E15D-47AD-96D7-D1D71298667E}
		{8C71B039-A761-4C6F-8617-688D42B8F200} = {10B6DE41-A6F9-4998-98D1-531B4D8CC95F}
		{5FE8234C-73BF-45DA-9F45-1A280452468E} = {10B6DE41-A6F9-4998-98D1-531B4D8CC95F}
		{EEFF9223-B4C0-439D-8676-4B9829BCEEFA} = {10B6DE41-A6F9-4998-98D1-531B4D8CC95F}
		{10B6DE41-A6F9-4998-98D1-531B4D8CC95F} = {5FE03F16-E15D-47AD-96D7-D1D71298667E}
		{5FE03F16-E15D-47AD-96D7-D1D71298667E} = {7A9AD6C0-582B-489D-B867-F279D782C3B8}
		{75069178-3BBE-4F4D-B43B-9214A1196FA2} = {10B6DE41-A6F9-4998-98D1-531B4D8CC95F}
		{E43ABA18-F823-401E-9D84-6C7C4CD89A0C} = {10B6DE41-A6F9-4998-98D1-531B4D8CC95F}
		{652E6489-87AD-45ED-82C5-068A41436818} = {E43ABA18-F823-401E-9D84-6C7C4CD89A0C}
		{609D594A-6242-4516-AB9A-3283445D5A9B} = {5FE03F16-E15D-47AD-96D7-D1D71298667E}
		{65D66BA7-C858-452C-8E05-9523E0058550} = {5FE03F16-E15D-47AD-96D7-D1D71298667E}
		{42579259-1C02-4391-BDDD-54B04F56BDDC} = {5FE03F16-E15D-47AD-96D7-D1D71298667E}
	EndGlobalSection
	GlobalSection(ExtensibilityGlobals) = postSolution
		SolutionGuid = {A45962D5-943C-4838-835D-905F4FC7EB4D}
	EndGlobalSection
EndGlobal
