
Microsoft Visual Studio Solution File, Format Version 12.00
# Visual Studio Version 16
VisualStudioVersion = 16.0.28729.10
MinimumVisualStudioVersion = 10.0.40219.1
Project("{FAE04EC0-301F-11D3-BF4B-00C04F79EFBC}") = "Test", "Test\Test.csproj", "{52004BBB-398F-4B27-A305-C79FCE964A5C}"
EndProject
Project("{FAE04EC0-301F-11D3-BF4B-00C04F79EFBC}") = "RoomManagement-RESTAPI", "..\RFS-API\RoomManagement-RESTAPI.csproj", "{C0307BDA-FAED-4B73-A167-8CCF008D84C6}"
EndProject
Global
	GlobalSection(SolutionConfigurationPlatforms) = preSolution
		Debug|Any CPU = Debug|Any CPU
		Release|Any CPU = Release|Any CPU
	EndGlobalSection
	GlobalSection(ProjectConfigurationPlatforms) = postSolution
		{52004BBB-398F-4B27-A305-C79FCE964A5C}.Debug|Any CPU.ActiveCfg = Debug|Any CPU
		{52004BBB-398F-4B27-A305-C79FCE964A5C}.Debug|Any CPU.Build.0 = Debug|Any CPU
		{52004BBB-398F-4B27-A305-C79FCE964A5C}.Release|Any CPU.ActiveCfg = Release|Any CPU
		{52004BBB-398F-4B27-A305-C79FCE964A5C}.Release|Any CPU.Build.0 = Release|Any CPU
		{C0307BDA-FAED-4B73-A167-8CCF008D84C6}.Debug|Any CPU.ActiveCfg = Debug|Any CPU
		{C0307BDA-FAED-4B73-A167-8CCF008D84C6}.Debug|Any CPU.Build.0 = Debug|Any CPU
		{C0307BDA-FAED-4B73-A167-8CCF008D84C6}.Release|Any CPU.ActiveCfg = Release|Any CPU
		{C0307BDA-FAED-4B73-A167-8CCF008D84C6}.Release|Any CPU.Build.0 = Release|Any CPU
	EndGlobalSection
	GlobalSection(SolutionProperties) = preSolution
		HideSolutionNode = FALSE
	EndGlobalSection
	GlobalSection(ExtensibilityGlobals) = postSolution
		SolutionGuid = {CB18FE06-191A-41BF-ACF7-990995AA5CF5}
	EndGlobalSection
EndGlobal
